
Microsoft Visual Studio Solution File, Format Version 12.00
# Visual Studio 14
VisualStudioVersion = 14.0.25420.1
MinimumVisualStudioVersion = 10.0.40219.1
Project("{FAE04EC0-301F-11D3-BF4B-00C04F79EFBC}") = "Indexer", "30.11.2016\Indexer.csproj", "{DEC65071-23FB-4465-B65E-A688182C44CE}"
EndProject
Project("{FAE04EC0-301F-11D3-BF4B-00C04F79EFBC}") = "Indexer1", "ConsoleApplication1\Indexer1.csproj", "{C53D41F9-77F5-4B70-80B0-110446138133}"
EndProject
Project("{FAE04EC0-301F-11D3-BF4B-00C04F79EFBC}") = "Indexers with string", "Indexers with string\Indexers with string.csproj", "{09CEAF4C-3E7B-4A8B-8D10-EE08DD02E399}"
EndProject
Project("{FAE04EC0-301F-11D3-BF4B-00C04F79EFBC}") = "Solar System", "Solar System\Solar System.csproj", "{ACFD7A4F-B4FE-4761-9163-E6849C6C0C8A}"
EndProject
Global
	GlobalSection(SolutionConfigurationPlatforms) = preSolution
		Debug|Any CPU = Debug|Any CPU
		Release|Any CPU = Release|Any CPU
	EndGlobalSection
	GlobalSection(ProjectConfigurationPlatforms) = postSolution
		{DEC65071-23FB-4465-B65E-A688182C44CE}.Debug|Any CPU.ActiveCfg = Debug|Any CPU
		{DEC65071-23FB-4465-B65E-A688182C44CE}.Debug|Any CPU.Build.0 = Debug|Any CPU
		{DEC65071-23FB-4465-B65E-A688182C44CE}.Release|Any CPU.ActiveCfg = Release|Any CPU
		{DEC65071-23FB-4465-B65E-A688182C44CE}.Release|Any CPU.Build.0 = Release|Any CPU
		{C53D41F9-77F5-4B70-80B0-110446138133}.Debug|Any CPU.ActiveCfg = Debug|Any CPU
		{C53D41F9-77F5-4B70-80B0-110446138133}.Debug|Any CPU.Build.0 = Debug|Any CPU
		{C53D41F9-77F5-4B70-80B0-110446138133}.Release|Any CPU.ActiveCfg = Release|Any CPU
		{C53D41F9-77F5-4B70-80B0-110446138133}.Release|Any CPU.Build.0 = Release|Any CPU
		{09CEAF4C-3E7B-4A8B-8D10-EE08DD02E399}.Debug|Any CPU.ActiveCfg = Debug|Any CPU
		{09CEAF4C-3E7B-4A8B-8D10-EE08DD02E399}.Debug|Any CPU.Build.0 = Debug|Any CPU
		{09CEAF4C-3E7B-4A8B-8D10-EE08DD02E399}.Release|Any CPU.ActiveCfg = Release|Any CPU
		{09CEAF4C-3E7B-4A8B-8D10-EE08DD02E399}.Release|Any CPU.Build.0 = Release|Any CPU
		{ACFD7A4F-B4FE-4761-9163-E6849C6C0C8A}.Debug|Any CPU.ActiveCfg = Debug|Any CPU
		{ACFD7A4F-B4FE-4761-9163-E6849C6C0C8A}.Debug|Any CPU.Build.0 = Debug|Any CPU
		{ACFD7A4F-B4FE-4761-9163-E6849C6C0C8A}.Release|Any CPU.ActiveCfg = Release|Any CPU
		{ACFD7A4F-B4FE-4761-9163-E6849C6C0C8A}.Release|Any CPU.Build.0 = Release|Any CPU
	EndGlobalSection
	GlobalSection(SolutionProperties) = preSolution
		HideSolutionNode = FALSE
	EndGlobalSection
EndGlobal
